// !$*UTF8*$!
{
	archiveVersion = 1;
	classes = {
	};
	objectVersion = 46;
	objects = {

/* Begin PBXBuildFile section */
		29314BA50C42EE97A19E6B1E /* libPods-LBLayoutdemo.a in Frameworks */ = {isa = PBXBuildFile; fileRef = 0F7AFBDCC50535533927D3FE /* libPods-LBLayoutdemo.a */; };
		3F9A27C21E08D1A90071FADC /* main.m in Sources */ = {isa = PBXBuildFile; fileRef = 3F9A27C11E08D1A90071FADC /* main.m */; };
		3F9A27C51E08D1A90071FADC /* AppDelegate.m in Sources */ = {isa = PBXBuildFile; fileRef = 3F9A27C41E08D1A90071FADC /* AppDelegate.m */; };
		3F9A27C81E08D1A90071FADC /* ViewController.m in Sources */ = {isa = PBXBuildFile; fileRef = 3F9A27C71E08D1A90071FADC /* ViewController.m */; };
		3F9A27CB1E08D1A90071FADC /* Main.storyboard in Resources */ = {isa = PBXBuildFile; fileRef = 3F9A27C91E08D1A90071FADC /* Main.storyboard */; };
		3F9A27CD1E08D1A90071FADC /* Assets.xcassets in Resources */ = {isa = PBXBuildFile; fileRef = 3F9A27CC1E08D1A90071FADC /* Assets.xcassets */; };
		3F9A27D01E08D1A90071FADC /* LaunchScreen.storyboard in Resources */ = {isa = PBXBuildFile; fileRef = 3F9A27CE1E08D1A90071FADC /* LaunchScreen.storyboard */; };
		3F9A27D91E08D83F0071FADC /* UserAutoLabeVC.m in Sources */ = {isa = PBXBuildFile; fileRef = 3F9A27D81E08D83F0071FADC /* UserAutoLabeVC.m */; };
		3FE8B9431E08DAA100F0CC58 /* UIView+FontSize.m in Sources */ = {isa = PBXBuildFile; fileRef = 3FE8B9421E08DAA100F0CC58 /* UIView+FontSize.m */; };
		3FE8B9461E08DACE00F0CC58 /* NSLayoutConstraint+layoutSize.m in Sources */ = {isa = PBXBuildFile; fileRef = 3FE8B9451E08DACE00F0CC58 /* NSLayoutConstraint+layoutSize.m */; };
		3FE8B9491E08DB6A00F0CC58 /* CalculateLayout.m in Sources */ = {isa = PBXBuildFile; fileRef = 3FE8B9481E08DB6A00F0CC58 /* CalculateLayout.m */; };
		3FE8B94D1E08E3B100F0CC58 /* LBLayout.m in Sources */ = {isa = PBXBuildFile; fileRef = 3FE8B94C1E08E3B100F0CC58 /* LBLayout.m */; };
/* End PBXBuildFile section */

/* Begin PBXFileReference section */
		0F7AFBDCC50535533927D3FE /* libPods-LBLayoutdemo.a */ = {isa = PBXFileReference; explicitFileType = archive.ar; includeInIndex = 0; path = "libPods-LBLayoutdemo.a"; sourceTree = BUILT_PRODUCTS_DIR; };
		3F9A27BD1E08D1A90071FADC /* LBLayoutdemo.app */ = {isa = PBXFileReference; explicitFileType = wrapper.application; includeInIndex = 0; path = LBLayoutdemo.app; sourceTree = BUILT_PRODUCTS_DIR; };
		3F9A27C11E08D1A90071FADC /* main.m */ = {isa = PBXFileReference; lastKnownFileType = sourcecode.c.objc; path = main.m; sourceTree = "<group>"; };
		3F9A27C31E08D1A90071FADC /* AppDelegate.h */ = {isa = PBXFileReference; lastKnownFileType = sourcecode.c.h; path = AppDelegate.h; sourceTree = "<group>"; };
		3F9A27C41E08D1A90071FADC /* AppDelegate.m */ = {isa = PBXFileReference; lastKnownFileType = sourcecode.c.objc; path = AppDelegate.m; sourceTree = "<group>"; };
		3F9A27C61E08D1A90071FADC /* ViewController.h */ = {isa = PBXFileReference; lastKnownFileType = sourcecode.c.h; path = ViewController.h; sourceTree = "<group>"; };
		3F9A27C71E08D1A90071FADC /* ViewController.m */ = {isa = PBXFileReference; lastKnownFileType = sourcecode.c.objc; path = ViewController.m; sourceTree = "<group>"; };
		3F9A27CA1E08D1A90071FADC /* Base */ = {isa = PBXFileReference; lastKnownFileType = file.storyboard; name = Base; path = Base.lproj/Main.storyboard; sourceTree = "<group>"; };
		3F9A27CC1E08D1A90071FADC /* Assets.xcassets */ = {isa = PBXFileReference; lastKnownFileType = folder.assetcatalog; path = Assets.xcassets; sourceTree = "<group>"; };
		3F9A27CF1E08D1A90071FADC /* Base */ = {isa = PBXFileReference; lastKnownFileType = file.storyboard; name = Base; path = Base.lproj/LaunchScreen.storyboard; sourceTree = "<group>"; };
		3F9A27D11E08D1A90071FADC /* Info.plist */ = {isa = PBXFileReference; lastKnownFileType = text.plist.xml; path = Info.plist; sourceTree = "<group>"; };
		3F9A27D71E08D83F0071FADC /* UserAutoLabeVC.h */ = {isa = PBXFileReference; fileEncoding = 4; lastKnownFileType = sourcecode.c.h; path = UserAutoLabeVC.h; sourceTree = "<group>"; };
		3F9A27D81E08D83F0071FADC /* UserAutoLabeVC.m */ = {isa = PBXFileReference; fileEncoding = 4; lastKnownFileType = sourcecode.c.objc; path = UserAutoLabeVC.m; sourceTree = "<group>"; };
		3FE8B9411E08DAA100F0CC58 /* UIView+FontSize.h */ = {isa = PBXFileReference; fileEncoding = 4; lastKnownFileType = sourcecode.c.h; path = "UIView+FontSize.h"; sourceTree = "<group>"; };
		3FE8B9421E08DAA100F0CC58 /* UIView+FontSize.m */ = {isa = PBXFileReference; fileEncoding = 4; lastKnownFileType = sourcecode.c.objc; path = "UIView+FontSize.m"; sourceTree = "<group>"; };
		3FE8B9441E08DACE00F0CC58 /* NSLayoutConstraint+layoutSize.h */ = {isa = PBXFileReference; fileEncoding = 4; lastKnownFileType = sourcecode.c.h; path = "NSLayoutConstraint+layoutSize.h"; sourceTree = "<group>"; };
		3FE8B9451E08DACE00F0CC58 /* NSLayoutConstraint+layoutSize.m */ = {isa = PBXFileReference; fileEncoding = 4; lastKnownFileType = sourcecode.c.objc; path = "NSLayoutConstraint+layoutSize.m"; sourceTree = "<group>"; };
		3FE8B9471E08DB6A00F0CC58 /* CalculateLayout.h */ = {isa = PBXFileReference; fileEncoding = 4; lastKnownFileType = sourcecode.c.h; path = CalculateLayout.h; sourceTree = "<group>"; };
		3FE8B9481E08DB6A00F0CC58 /* CalculateLayout.m */ = {isa = PBXFileReference; fileEncoding = 4; lastKnownFileType = sourcecode.c.objc; path = CalculateLayout.m; sourceTree = "<group>"; };
		3FE8B94A1E08DC6400F0CC58 /* LayoutHead.h */ = {isa = PBXFileReference; lastKnownFileType = sourcecode.c.h; path = LayoutHead.h; sourceTree = "<group>"; };
		3FE8B94B1E08E3B100F0CC58 /* LBLayout.h */ = {isa = PBXFileReference; fileEncoding = 4; lastKnownFileType = sourcecode.c.h; path = LBLayout.h; sourceTree = "<group>"; };
		3FE8B94C1E08E3B100F0CC58 /* LBLayout.m */ = {isa = PBXFileReference; fileEncoding = 4; lastKnownFileType = sourcecode.c.objc; path = LBLayout.m; sourceTree = "<group>"; };
		5C4EC28C044510EEAB407DEA /* Pods-LBLayoutdemo.debug.xcconfig */ = {isa = PBXFileReference; includeInIndex = 1; lastKnownFileType = text.xcconfig; name = "Pods-LBLayoutdemo.debug.xcconfig"; path = "Pods/Target Support Files/Pods-LBLayoutdemo/Pods-LBLayoutdemo.debug.xcconfig"; sourceTree = "<group>"; };
		68B5AA8A27D1A36E44B6FAF5 /* Pods-LBLayoutdemo.release.xcconfig */ = {isa = PBXFileReference; includeInIndex = 1; lastKnownFileType = text.xcconfig; name = "Pods-LBLayoutdemo.release.xcconfig"; path = "Pods/Target Support Files/Pods-LBLayoutdemo/Pods-LBLayoutdemo.release.xcconfig"; sourceTree = "<group>"; };
/* End PBXFileReference section */

/* Begin PBXFrameworksBuildPhase section */
		3F9A27BA1E08D1A90071FADC /* Frameworks */ = {
			isa = PBXFrameworksBuildPhase;
			buildActionMask = 2147483647;
			files = (
				29314BA50C42EE97A19E6B1E /* libPods-LBLayoutdemo.a in Frameworks */,
			);
			runOnlyForDeploymentPostprocessing = 0;
		};
/* End PBXFrameworksBuildPhase section */

/* Begin PBXGroup section */
		3F9A27B41E08D1A90071FADC = {
			isa = PBXGroup;
			children = (
				3F9A27BF1E08D1A90071FADC /* LBLayoutdemo */,
				3F9A27BE1E08D1A90071FADC /* Products */,
				9C3E5A4FEEE87AD6C4947049 /* Pods */,
				8D85E0F71D4AC45DC2A1571E /* Frameworks */,
			);
			sourceTree = "<group>";
		};
		3F9A27BE1E08D1A90071FADC /* Products */ = {
			isa = PBXGroup;
			children = (
				3F9A27BD1E08D1A90071FADC /* LBLayoutdemo.app */,
			);
			name = Products;
			sourceTree = "<group>";
		};
		3F9A27BF1E08D1A90071FADC /* LBLayoutdemo */ = {
			isa = PBXGroup;
			children = (
				3FE8B9401E08DA9A00F0CC58 /* LayoutTool */,
				3F9A27C31E08D1A90071FADC /* AppDelegate.h */,
				3F9A27C41E08D1A90071FADC /* AppDelegate.m */,
				3F9A27C61E08D1A90071FADC /* ViewController.h */,
				3F9A27C71E08D1A90071FADC /* ViewController.m */,
				3FE8B94B1E08E3B100F0CC58 /* LBLayout.h */,
				3FE8B94C1E08E3B100F0CC58 /* LBLayout.m */,
				3F9A27D71E08D83F0071FADC /* UserAutoLabeVC.h */,
				3F9A27D81E08D83F0071FADC /* UserAutoLabeVC.m */,
				3F9A27C91E08D1A90071FADC /* Main.storyboard */,
				3F9A27CC1E08D1A90071FADC /* Assets.xcassets */,
				3F9A27CE1E08D1A90071FADC /* LaunchScreen.storyboard */,
				3F9A27D11E08D1A90071FADC /* Info.plist */,
				3F9A27C01E08D1A90071FADC /* Supporting Files */,
			);
			path = LBLayoutdemo;
			sourceTree = "<group>";
		};
		3F9A27C01E08D1A90071FADC /* Supporting Files */ = {
			isa = PBXGroup;
			children = (
				3F9A27C11E08D1A90071FADC /* main.m */,
			);
			name = "Supporting Files";
			sourceTree = "<group>";
		};
		3FE8B9401E08DA9A00F0CC58 /* LayoutTool */ = {
			isa = PBXGroup;
			children = (
				3FE8B9411E08DAA100F0CC58 /* UIView+FontSize.h */,
				3FE8B9421E08DAA100F0CC58 /* UIView+FontSize.m */,
				3FE8B9441E08DACE00F0CC58 /* NSLayoutConstraint+layoutSize.h */,
				3FE8B9451E08DACE00F0CC58 /* NSLayoutConstraint+layoutSize.m */,
				3FE8B9471E08DB6A00F0CC58 /* CalculateLayout.h */,
				3FE8B9481E08DB6A00F0CC58 /* CalculateLayout.m */,
				3FE8B94A1E08DC6400F0CC58 /* LayoutHead.h */,
			);
			path = LayoutTool;
			sourceTree = "<group>";
		};
		8D85E0F71D4AC45DC2A1571E /* Frameworks */ = {
			isa = PBXGroup;
			children = (
				0F7AFBDCC50535533927D3FE /* libPods-LBLayoutdemo.a */,
			);
			name = Frameworks;
			sourceTree = "<group>";
		};
		9C3E5A4FEEE87AD6C4947049 /* Pods */ = {
			isa = PBXGroup;
			children = (
				5C4EC28C044510EEAB407DEA /* Pods-LBLayoutdemo.debug.xcconfig */,
				68B5AA8A27D1A36E44B6FAF5 /* Pods-LBLayoutdemo.release.xcconfig */,
			);
			name = Pods;
			sourceTree = "<group>";
		};
/* End PBXGroup section */

/* Begin PBXNativeTarget section */
		3F9A27BC1E08D1A90071FADC /* LBLayoutdemo */ = {
			isa = PBXNativeTarget;
			buildConfigurationList = 3F9A27D41E08D1A90071FADC /* Build configuration list for PBXNativeTarget "LBLayoutdemo" */;
			buildPhases = (
				ADA379EFDA9D2621769261BE /* [CP] Check Pods Manifest.lock */,
				3F9A27B91E08D1A90071FADC /* Sources */,
				3F9A27BA1E08D1A90071FADC /* Frameworks */,
				3F9A27BB1E08D1A90071FADC /* Resources */,
				30049C252441AE1E2677005E /* [CP] Embed Pods Frameworks */,
				8F5C2738EB08004581EBCA36 /* [CP] Copy Pods Resources */,
			);
			buildRules = (
			);
			dependencies = (
			);
			name = LBLayoutdemo;
			productName = LBLayoutdemo;
			productReference = 3F9A27BD1E08D1A90071FADC /* LBLayoutdemo.app */;
			productType = "com.apple.product-type.application";
		};
/* End PBXNativeTarget section */

/* Begin PBXProject section */
		3F9A27B51E08D1A90071FADC /* Project object */ = {
			isa = PBXProject;
			attributes = {
				LastUpgradeCheck = 0810;
				ORGANIZATIONNAME = lb;
				TargetAttributes = {
					3F9A27BC1E08D1A90071FADC = {
						CreatedOnToolsVersion = 8.1;
						DevelopmentTeam = CNE8E23U44;
						ProvisioningStyle = Automatic;
					};
				};
			};
			buildConfigurationList = 3F9A27B81E08D1A90071FADC /* Build configuration list for PBXProject "LBLayoutdemo" */;
			compatibilityVersion = "Xcode 3.2";
			developmentRegion = English;
			hasScannedForEncodings = 0;
			knownRegions = (
				en,
				Base,
			);
			mainGroup = 3F9A27B41E08D1A90071FADC;
			productRefGroup = 3F9A27BE1E08D1A90071FADC /* Products */;
			projectDirPath = "";
			projectRoot = "";
			targets = (
				3F9A27BC1E08D1A90071FADC /* LBLayoutdemo */,
			);
		};
/* End PBXProject section */

/* Begin PBXResourcesBuildPhase section */
		3F9A27BB1E08D1A90071FADC /* Resources */ = {
			isa = PBXResourcesBuildPhase;
			buildActionMask = 2147483647;
			files = (
				3F9A27D01E08D1A90071FADC /* LaunchScreen.storyboard in Resources */,
				3F9A27CD1E08D1A90071FADC /* Assets.xcassets in Resources */,
				3F9A27CB1E08D1A90071FADC /* Main.storyboard in Resources */,
			);
			runOnlyForDeploymentPostprocessing = 0;
		};
/* End PBXResourcesBuildPhase section */

/* Begin PBXShellScriptBuildPhase section */
		30049C252441AE1E2677005E /* [CP] Embed Pods Frameworks */ = {
			isa = PBXShellScriptBuildPhase;
			buildActionMask = 2147483647;
			files = (
			);
			inputPaths = (
			);
			name = "[CP] Embed Pods Frameworks";
			outputPaths = (
			);
			runOnlyForDeploymentPostprocessing = 0;
			shellPath = /bin/sh;
			shellScript = "\"${SRCROOT}/Pods/Target Support Files/Pods-LBLayoutdemo/Pods-LBLayoutdemo-frameworks.sh\"\n";
			showEnvVarsInLog = 0;
		};
		8F5C2738EB08004581EBCA36 /* [CP] Copy Pods Resources */ = {
			isa = PBXShellScriptBuildPhase;
			buildActionMask = 2147483647;
			files = (
			);
			inputPaths = (
			);
			name = "[CP] Copy Pods Resources";
			outputPaths = (
			);
			runOnlyForDeploymentPostprocessing = 0;
			shellPath = /bin/sh;
			shellScript = "\"${SRCROOT}/Pods/Target Support Files/Pods-LBLayoutdemo/Pods-LBLayoutdemo-resources.sh\"\n";
			showEnvVarsInLog = 0;
		};
		ADA379EFDA9D2621769261BE /* [CP] Check Pods Manifest.lock */ = {
			isa = PBXShellScriptBuildPhase;
			buildActionMask = 2147483647;
			files = (
			);
			inputPaths = (
			);
			name = "[CP] Check Pods Manifest.lock";
			outputPaths = (
			);
			runOnlyForDeploymentPostprocessing = 0;
			shellPath = /bin/sh;
			shellScript = "diff \"${PODS_ROOT}/../Podfile.lock\" \"${PODS_ROOT}/Manifest.lock\" > /dev/null\nif [[ $? != 0 ]] ; then\n    cat << EOM\nerror: The sandbox is not in sync with the Podfile.lock. Run 'pod install' or update your CocoaPods installation.\nEOM\n    exit 1\nfi\n";
			showEnvVarsInLog = 0;
		};
/* End PBXShellScriptBuildPhase section */

/* Begin PBXSourcesBuildPhase section */
		3F9A27B91E08D1A90071FADC /* Sources */ = {
			isa = PBXSourcesBuildPhase;
			buildActionMask = 2147483647;
			files = (
				3FE8B9491E08DB6A00F0CC58 /* CalculateLayout.m in Sources */,
				3FE8B94D1E08E3B100F0CC58 /* LBLayout.m in Sources */,
				3F9A27D91E08D83F0071FADC /* UserAutoLabeVC.m in Sources */,
				3F9A27C81E08D1A90071FADC /* ViewController.m in Sources */,
				3FE8B9461E08DACE00F0CC58 /* NSLayoutConstraint+layoutSize.m in Sources */,
				3F9A27C51E08D1A90071FADC /* AppDelegate.m in Sources */,
				3F9A27C21E08D1A90071FADC /* main.m in Sources */,
				3FE8B9431E08DAA100F0CC58 /* UIView+FontSize.m in Sources */,
			);
			runOnlyForDeploymentPostprocessing = 0;
		};
/* End PBXSourcesBuildPhase section */

/* Begin PBXVariantGroup section */
		3F9A27C91E08D1A90071FADC /* Main.storyboard */ = {
			isa = PBXVariantGroup;
			children = (
				3F9A27CA1E08D1A90071FADC /* Base */,
			);
			name = Main.storyboard;
			sourceTree = "<group>";
		};
		3F9A27CE1E08D1A90071FADC /* LaunchScreen.storyboard */ = {
			isa = PBXVariantGroup;
			children = (
				3F9A27CF1E08D1A90071FADC /* Base */,
			);
			name = LaunchScreen.storyboard;
			sourceTree = "<group>";
		};
/* End PBXVariantGroup section */

/* Begin XCBuildConfiguration section */
		3F9A27D21E08D1A90071FADC /* Debug */ = {
			isa = XCBuildConfiguration;
			buildSettings = {
				ALWAYS_SEARCH_USER_PATHS = NO;
				CLANG_ANALYZER_NONNULL = YES;
				CLANG_CXX_LANGUAGE_STANDARD = "gnu++0x";
				CLANG_CXX_LIBRARY = "libc++";
				CLANG_ENABLE_MODULES = YES;
				CLANG_ENABLE_OBJC_ARC = YES;
				CLANG_WARN_BOOL_CONVERSION = YES;
				CLANG_WARN_CONSTANT_CONVERSION = YES;
				CLANG_WARN_DIRECT_OBJC_ISA_USAGE = YES_ERROR;
				CLANG_WARN_DOCUMENTATION_COMMENTS = YES;
				CLANG_WARN_EMPTY_BODY = YES;
				CLANG_WARN_ENUM_CONVERSION = YES;
				CLANG_WARN_INFINITE_RECURSION = YES;
				CLANG_WARN_INT_CONVERSION = YES;
				CLANG_WARN_OBJC_ROOT_CLASS = YES_ERROR;
				CLANG_WARN_SUSPICIOUS_MOVES = YES;
				CLANG_WARN_UNREACHABLE_CODE = YES;
				CLANG_WARN__DUPLICATE_METHOD_MATCH = YES;
				"CODE_SIGN_IDENTITY[sdk=iphoneos*]" = "iPhone Developer";
				COPY_PHASE_STRIP = NO;
				DEBUG_INFORMATION_FORMAT = dwarf;
				ENABLE_STRICT_OBJC_MSGSEND = YES;
				ENABLE_TESTABILITY = YES;
				GCC_C_LANGUAGE_STANDARD = gnu99;
				GCC_DYNAMIC_NO_PIC = NO;
				GCC_NO_COMMON_BLOCKS = YES;
				GCC_OPTIMIZATION_LEVEL = 0;
				GCC_PREPROCESSOR_DEFINITIONS = (
					"DEBUG=1",
					"$(inherited)",
				);
				GCC_WARN_64_TO_32_BIT_CONVERSION = YES;
				GCC_WARN_ABOUT_RETURN_TYPE = YES_ERROR;
				GCC_WARN_UNDECLARED_SELECTOR = YES;
				GCC_WARN_UNINITIALIZED_AUTOS = YES_AGGRESSIVE;
				GCC_WARN_UNUSED_FUNCTION = YES;
				GCC_WARN_UNUSED_VARIABLE = YES;
				IPHONEOS_DEPLOYMENT_TARGET = 10.1;
				MTL_ENABLE_DEBUG_INFO = YES;
				ONLY_ACTIVE_ARCH = YES;
				SDKROOT = iphoneos;
			};
			name = Debug;
		};
		3F9A27D31E08D1A90071FADC /* Release */ = {
			isa = XCBuildConfiguration;
			buildSettings = {
				ALWAYS_SEARCH_USER_PATHS = NO;
				CLANG_ANALYZER_NONNULL = YES;
				CLANG_CXX_LANGUAGE_STANDARD = "gnu++0x";
				CLANG_CXX_LIBRARY = "libc++";
				CLANG_ENABLE_MODULES = YES;
				CLANG_ENABLE_OBJC_ARC = YES;
				CLANG_WARN_BOOL_CONVERSION = YES;
				CLANG_WARN_CONSTANT_CONVERSION = YES;
				CLANG_WARN_DIRECT_OBJC_ISA_USAGE = YES_ERROR;
				CLANG_WARN_DOCUMENTATION_COMMENTS = YES;
				CLANG_WARN_EMPTY_BODY = YES;
				CLANG_WARN_ENUM_CONVERSION = YES;
				CLANG_WARN_INFINITE_RECURSION = YES;
				CLANG_WARN_INT_CONVERSION = YES;
				CLANG_WARN_OBJC_ROOT_CLASS = YES_ERROR;
				CLANG_WARN_SUSPICIOUS_MOVES = YES;
				CLANG_WARN_UNREACHABLE_CODE = YES;
				CLANG_WARN__DUPLICATE_METHOD_MATCH = YES;
				"CODE_SIGN_IDENTITY[sdk=iphoneos*]" = "iPhone Developer";
				COPY_PHASE_STRIP = NO;
				DEBUG_INFORMATION_FORMAT = "dwarf-with-dsym";
				ENABLE_NS_ASSERTIONS = NO;
				ENABLE_STRICT_OBJC_MSGSEND = YES;
				GCC_C_LANGUAGE_STANDARD = gnu99;
				GCC_NO_COMMON_BLOCKS = YES;
				GCC_WARN_64_TO_32_BIT_CONVERSION = YES;
				GCC_WARN_ABOUT_RETURN_TYPE = YES_ERROR;
				GCC_WARN_UNDECLARED_SELECTOR = YES;
				GCC_WARN_UNINITIALIZED_AUTOS = YES_AGGRESSIVE;
				GCC_WARN_UNUSED_FUNCTION = YES;
				GCC_WARN_UNUSED_VARIABLE = YES;
				IPHONEOS_DEPLOYMENT_TARGET = 10.1;
				MTL_ENABLE_DEBUG_INFO = NO;
				SDKROOT = iphoneos;
				VALIDATE_PRODUCT = YES;
			};
			name = Release;
		};
		3F9A27D51E08D1A90071FADC /* Debug */ = {
			isa = XCBuildConfiguration;
			baseConfigurationReference = 5C4EC28C044510EEAB407DEA /* Pods-LBLayoutdemo.debug.xcconfig */;
			buildSettings = {
				ASSETCATALOG_COMPILER_APPICON_NAME = AppIcon;
				DEVELOPMENT_TEAM = CNE8E23U44;
				INFOPLIST_FILE = LBLayoutdemo/Info.plist;
				LD_RUNPATH_SEARCH_PATHS = "$(inherited) @executable_path/Frameworks";
				PRODUCT_BUNDLE_IDENTIFIER = com.rk.LBLayoutdemo;
				PRODUCT_NAME = "$(TARGET_NAME)";
			};
			name = Debug;
		};
		3F9A27D61E08D1A90071FADC /* Release */ = {
			isa = XCBuildConfiguration;
			baseConfigurationReference = 68B5AA8A27D1A36E44B6FAF5 /* Pods-LBLayoutdemo.release.xcconfig */;
			buildSettings = {
				ASSETCATALOG_COMPILER_APPICON_NAME = AppIcon;
				DEVELOPMENT_TEAM = CNE8E23U44;
				INFOPLIST_FILE = LBLayoutdemo/Info.plist;
				LD_RUNPATH_SEARCH_PATHS = "$(inherited) @executable_path/Frameworks";
				PRODUCT_BUNDLE_IDENTIFIER = com.rk.LBLayoutdemo;
				PRODUCT_NAME = "$(TARGET_NAME)";
			};
			name = Release;
		};
/* End XCBuildConfiguration section */

/* Begin XCConfigurationList section */
		3F9A27B81E08D1A90071FADC /* Build configuration list for PBXProject "LBLayoutdemo" */ = {
			isa = XCConfigurationList;
			buildConfigurations = (
				3F9A27D21E08D1A90071FADC /* Debug */,
				3F9A27D31E08D1A90071FADC /* Release */,
			);
			defaultConfigurationIsVisible = 0;
			defaultConfigurationName = Release;
		};
		3F9A27D41E08D1A90071FADC /* Build configuration list for PBXNativeTarget "LBLayoutdemo" */ = {
			isa = XCConfigurationList;
			buildConfigurations = (
				3F9A27D51E08D1A90071FADC /* Debug */,
				3F9A27D61E08D1A90071FADC /* Release */,
			);
			defaultConfigurationIsVisible = 0;
			defaultConfigurationName = Release;
		};
/* End XCConfigurationList section */
	};
	rootObject = 3F9A27B51E08D1A90071FADC /* Project object */;
}
